
Microsoft Visual Studio Solution File, Format Version 12.00
# Visual Studio Version 16
VisualStudioVersion = 16.0.31205.134
MinimumVisualStudioVersion = 10.0.40219.1
Project("{9A19103F-16F7-4668-BE54-9A1E7A4F7556}") = "AZLearningWebapp", "AZLearningWebapp\AZLearningWebapp.csproj", "{D2DFE481-9097-4834-B18D-4A75531DB08F}"
EndProject
Project("{9A19103F-16F7-4668-BE54-9A1E7A4F7556}") = "Webjobs", "Webjobs\Webjobs.csproj", "{BD1B144C-7A74-4585-BD18-40861DB0CC0E}"
EndProject
Project("{FAE04EC0-301F-11D3-BF4B-00C04F79EFBC}") = "HttpTriggerFunctionApp", "HttpTriggerFunctionApp\HttpTriggerFunctionApp.csproj", "{555A8720-59E7-425D-A5E2-7B2F0B18E2A3}"
EndProject
Global
	GlobalSection(SolutionConfigurationPlatforms) = preSolution
		Debug|Any CPU = Debug|Any CPU
		Release|Any CPU = Release|Any CPU
	EndGlobalSection
	GlobalSection(ProjectConfigurationPlatforms) = postSolution
		{D2DFE481-9097-4834-B18D-4A75531DB08F}.Debug|Any CPU.ActiveCfg = Debug|Any CPU
		{D2DFE481-9097-4834-B18D-4A75531DB08F}.Debug|Any CPU.Build.0 = Debug|Any CPU
		{D2DFE481-9097-4834-B18D-4A75531DB08F}.Release|Any CPU.ActiveCfg = Release|Any CPU
		{D2DFE481-9097-4834-B18D-4A75531DB08F}.Release|Any CPU.Build.0 = Release|Any CPU
		{BD1B144C-7A74-4585-BD18-40861DB0CC0E}.Debug|Any CPU.ActiveCfg = Debug|Any CPU
		{BD1B144C-7A74-4585-BD18-40861DB0CC0E}.Debug|Any CPU.Build.0 = Debug|Any CPU
		{BD1B144C-7A74-4585-BD18-40861DB0CC0E}.Release|Any CPU.ActiveCfg = Release|Any CPU
		{BD1B144C-7A74-4585-BD18-40861DB0CC0E}.Release|Any CPU.Build.0 = Release|Any CPU
		{555A8720-59E7-425D-A5E2-7B2F0B18E2A3}.Debug|Any CPU.ActiveCfg = Debug|Any CPU
		{555A8720-59E7-425D-A5E2-7B2F0B18E2A3}.Debug|Any CPU.Build.0 = Debug|Any CPU
		{555A8720-59E7-425D-A5E2-7B2F0B18E2A3}.Release|Any CPU.ActiveCfg = Release|Any CPU
		{555A8720-59E7-425D-A5E2-7B2F0B18E2A3}.Release|Any CPU.Build.0 = Release|Any CPU
	EndGlobalSection
	GlobalSection(SolutionProperties) = preSolution
		HideSolutionNode = FALSE
	EndGlobalSection
	GlobalSection(ExtensibilityGlobals) = postSolution
		SolutionGuid = {697A0121-D3DC-4EAE-A1A1-0147D79D464F}
	EndGlobalSection
EndGlobal
